PODS:
  - BiSON (1.0.1)
  - SmartDeviceLink (5.0.0-rc.2):
    - BiSON (~> 1.0)
    - SmartDeviceLink/Default (= 5.0.0-rc.2)
  - SmartDeviceLink/Default (5.0.0-rc.2):
    - BiSON (~> 1.0)

DEPENDENCIES:
  - SmartDeviceLink (~> 5.0.0-rc.2)

SPEC CHECKSUMS:
  BiSON: 4a12ea7d55a080bb374b307692f5a4dca440b2fc
  SmartDeviceLink: 3929ba93b8dabc6e08217cce72488bce536b7d1d

PODFILE CHECKSUM: 655a5b0658a849155170b3502680e5a53f2be8ee

COCOAPODS: 1.3.1
